// !$*UTF8*$!
{
	archiveVersion = 1;
	classes = {
	};
	objectVersion = 50;
	objects = {

/* Begin PBXBuildFile section */
		70CE4AD90CA3E45951C86DC3 /* Pods_smack_it.framework in Frameworks */ = {isa = PBXBuildFile; fileRef = A5B3E1C15172D9F6A05606CA /* Pods_smack_it.framework */; };
		CE170C6421F10857004463F4 /* AuthService.swift in Sources */ = {isa = PBXBuildFile; fileRef = CE170C6321F10857004463F4 /* AuthService.swift */; };
		CE50E01221EEFA7B005D785E /* SWRevealViewController.m in Sources */ = {isa = PBXBuildFile; fileRef = CE50E01121EEFA7B005D785E /* SWRevealViewController.m */; };
		CE50E01721EEFD87005D785E /* ChatVC.swift in Sources */ = {isa = PBXBuildFile; fileRef = CE50E01621EEFD87005D785E /* ChatVC.swift */; };
		CE50E01921EEFD9E005D785E /* ChannelVC.swift in Sources */ = {isa = PBXBuildFile; fileRef = CE50E01821EEFD9E005D785E /* ChannelVC.swift */; };
		CE50E01B21EF03E4005D785E /* GradientView.swift in Sources */ = {isa = PBXBuildFile; fileRef = CE50E01A21EF03E4005D785E /* GradientView.swift */; };
		CE50E01E21EF16AD005D785E /* Constants.swift in Sources */ = {isa = PBXBuildFile; fileRef = CE50E01D21EF16AD005D785E /* Constants.swift */; };
		CE50E02021EF1D5D005D785E /* LoginVC.swift in Sources */ = {isa = PBXBuildFile; fileRef = CE50E01F21EF1D5D005D785E /* LoginVC.swift */; };
		CE50E02221EF2532005D785E /* CreateAccountVC.swift in Sources */ = {isa = PBXBuildFile; fileRef = CE50E02121EF2532005D785E /* CreateAccountVC.swift */; };
		CEA14A2521EEEF0800FE6A24 /* AppDelegate.swift in Sources */ = {isa = PBXBuildFile; fileRef = CEA14A2421EEEF0800FE6A24 /* AppDelegate.swift */; };
		CEA14A2A21EEEF0800FE6A24 /* Main.storyboard in Resources */ = {isa = PBXBuildFile; fileRef = CEA14A2821EEEF0800FE6A24 /* Main.storyboard */; };
		CEA14A2C21EEEF0800FE6A24 /* Assets.xcassets in Resources */ = {isa = PBXBuildFile; fileRef = CEA14A2B21EEEF0800FE6A24 /* Assets.xcassets */; };
		CEA14A2F21EEEF0800FE6A24 /* LaunchScreen.storyboard in Resources */ = {isa = PBXBuildFile; fileRef = CEA14A2D21EEEF0800FE6A24 /* LaunchScreen.storyboard */; };
		CEEF261321F3C73700DA0E5A /* RoundedButton.swift in Sources */ = {isa = PBXBuildFile; fileRef = CEEF261221F3C73700DA0E5A /* RoundedButton.swift */; };
		CEEF261521F3D90700DA0E5A /* UserDataService.swift in Sources */ = {isa = PBXBuildFile; fileRef = CEEF261421F3D90700DA0E5A /* UserDataService.swift */; };
		CEEF261721F53AD600DA0E5A /* AvatarPickerVC.swift in Sources */ = {isa = PBXBuildFile; fileRef = CEEF261621F53AD600DA0E5A /* AvatarPickerVC.swift */; };
		CEEF261921F53D5900DA0E5A /* AvatarCell.swift in Sources */ = {isa = PBXBuildFile; fileRef = CEEF261821F53D5900DA0E5A /* AvatarCell.swift */; };
/* End PBXBuildFile section */

/* Begin PBXFileReference section */
		4FF1390194ED605AAA7DDC83 /* Pods-smack-it.debug.xcconfig */ = {isa = PBXFileReference; includeInIndex = 1; lastKnownFileType = text.xcconfig; name = "Pods-smack-it.debug.xcconfig"; path = "Pods/Target Support Files/Pods-smack-it/Pods-smack-it.debug.xcconfig"; sourceTree = "<group>"; };
		A5B3E1C15172D9F6A05606CA /* Pods_smack_it.framework */ = {isa = PBXFileReference; explicitFileType = wrapper.framework; includeInIndex = 0; path = Pods_smack_it.framework; sourceTree = BUILT_PRODUCTS_DIR; };
		CE170C6321F10857004463F4 /* AuthService.swift */ = {isa = PBXFileReference; lastKnownFileType = sourcecode.swift; path = AuthService.swift; sourceTree = "<group>"; };
		CE50E00F21EEFA7A005D785E /* smack-it-Bridging-Header.h */ = {isa = PBXFileReference; lastKnownFileType = sourcecode.c.h; path = "smack-it-Bridging-Header.h"; sourceTree = "<group>"; };
		CE50E01021EEFA7B005D785E /* SWRevealViewController.h */ = {isa = PBXFileReference; fileEncoding = 4; lastKnownFileType = sourcecode.c.h; path = SWRevealViewController.h; sourceTree = "<group>"; };
		CE50E01121EEFA7B005D785E /* SWRevealViewController.m */ = {isa = PBXFileReference; fileEncoding = 4; lastKnownFileType = sourcecode.c.objc; path = SWRevealViewController.m; sourceTree = "<group>"; };
		CE50E01621EEFD87005D785E /* ChatVC.swift */ = {isa = PBXFileReference; lastKnownFileType = sourcecode.swift; path = ChatVC.swift; sourceTree = "<group>"; };
		CE50E01821EEFD9E005D785E /* ChannelVC.swift */ = {isa = PBXFileReference; lastKnownFileType = sourcecode.swift; path = ChannelVC.swift; sourceTree = "<group>"; };
		CE50E01A21EF03E4005D785E /* GradientView.swift */ = {isa = PBXFileReference; lastKnownFileType = sourcecode.swift; path = GradientView.swift; sourceTree = "<group>"; };
		CE50E01D21EF16AD005D785E /* Constants.swift */ = {isa = PBXFileReference; lastKnownFileType = sourcecode.swift; path = Constants.swift; sourceTree = "<group>"; };
		CE50E01F21EF1D5D005D785E /* LoginVC.swift */ = {isa = PBXFileReference; lastKnownFileType = sourcecode.swift; path = LoginVC.swift; sourceTree = "<group>"; };
		CE50E02121EF2532005D785E /* CreateAccountVC.swift */ = {isa = PBXFileReference; lastKnownFileType = sourcecode.swift; path = CreateAccountVC.swift; sourceTree = "<group>"; };
		CEA14A2121EEEF0800FE6A24 /* smack-it.app */ = {isa = PBXFileReference; explicitFileType = wrapper.application; includeInIndex = 0; path = "smack-it.app"; sourceTree = BUILT_PRODUCTS_DIR; };
		CEA14A2421EEEF0800FE6A24 /* AppDelegate.swift */ = {isa = PBXFileReference; lastKnownFileType = sourcecode.swift; path = AppDelegate.swift; sourceTree = "<group>"; };
		CEA14A2921EEEF0800FE6A24 /* Base */ = {isa = PBXFileReference; lastKnownFileType = file.storyboard; name = Base; path = Base.lproj/Main.storyboard; sourceTree = "<group>"; };
		CEA14A2B21EEEF0800FE6A24 /* Assets.xcassets */ = {isa = PBXFileReference; lastKnownFileType = folder.assetcatalog; path = Assets.xcassets; sourceTree = "<group>"; };
		CEA14A2E21EEEF0800FE6A24 /* Base */ = {isa = PBXFileReference; lastKnownFileType = file.storyboard; name = Base; path = Base.lproj/LaunchScreen.storyboard; sourceTree = "<group>"; };
		CEA14A3021EEEF0800FE6A24 /* Info.plist */ = {isa = PBXFileReference; lastKnownFileType = text.plist.xml; path = Info.plist; sourceTree = "<group>"; };
		CEEF261221F3C73700DA0E5A /* RoundedButton.swift */ = {isa = PBXFileReference; lastKnownFileType = sourcecode.swift; path = RoundedButton.swift; sourceTree = "<group>"; };
		CEEF261421F3D90700DA0E5A /* UserDataService.swift */ = {isa = PBXFileReference; lastKnownFileType = sourcecode.swift; path = UserDataService.swift; sourceTree = "<group>"; };
		CEEF261621F53AD600DA0E5A /* AvatarPickerVC.swift */ = {isa = PBXFileReference; lastKnownFileType = sourcecode.swift; path = AvatarPickerVC.swift; sourceTree = "<group>"; };
		CEEF261821F53D5900DA0E5A /* AvatarCell.swift */ = {isa = PBXFileReference; lastKnownFileType = sourcecode.swift; path = AvatarCell.swift; sourceTree = "<group>"; };
		FC7D4E28FFC715D7FFCCA011 /* Pods-smack-it.release.xcconfig */ = {isa = PBXFileReference; includeInIndex = 1; lastKnownFileType = text.xcconfig; name = "Pods-smack-it.release.xcconfig"; path = "Pods/Target Support Files/Pods-smack-it/Pods-smack-it.release.xcconfig"; sourceTree = "<group>"; };
/* End PBXFileReference section */

/* Begin PBXFrameworksBuildPhase section */
		CEA14A1E21EEEF0800FE6A24 /* Frameworks */ = {
			isa = PBXFrameworksBuildPhase;
			buildActionMask = 2147483647;
			files = (
				70CE4AD90CA3E45951C86DC3 /* Pods_smack_it.framework in Frameworks */,
			);
			runOnlyForDeploymentPostprocessing = 0;
		};
/* End PBXFrameworksBuildPhase section */

/* Begin PBXGroup section */
		1D191CC65AFEEFE949265F6C /* Pods */ = {
			isa = PBXGroup;
			children = (
				4FF1390194ED605AAA7DDC83 /* Pods-smack-it.debug.xcconfig */,
				FC7D4E28FFC715D7FFCCA011 /* Pods-smack-it.release.xcconfig */,
			);
			name = Pods;
			sourceTree = "<group>";
		};
		C521316CE34B3FBF95E7C042 /* Frameworks */ = {
			isa = PBXGroup;
			children = (
				A5B3E1C15172D9F6A05606CA /* Pods_smack_it.framework */,
			);
			name = Frameworks;
			sourceTree = "<group>";
		};
		CE170C6221F10846004463F4 /* Services */ = {
			isa = PBXGroup;
			children = (
				CE170C6321F10857004463F4 /* AuthService.swift */,
				CEEF261421F3D90700DA0E5A /* UserDataService.swift */,
			);
			path = Services;
			sourceTree = "<group>";
		};
		CE50E00E21EEFA4F005D785E /* Supporting Files */ = {
			isa = PBXGroup;
			children = (
				CE50E01021EEFA7B005D785E /* SWRevealViewController.h */,
				CE50E01121EEFA7B005D785E /* SWRevealViewController.m */,
				CE50E00F21EEFA7A005D785E /* smack-it-Bridging-Header.h */,
			);
			path = "Supporting Files";
			sourceTree = "<group>";
		};
		CE50E01321EEFD4E005D785E /* Controller */ = {
			isa = PBXGroup;
			children = (
				CE50E01621EEFD87005D785E /* ChatVC.swift */,
				CE50E01821EEFD9E005D785E /* ChannelVC.swift */,
				CE50E01F21EF1D5D005D785E /* LoginVC.swift */,
				CE50E02121EF2532005D785E /* CreateAccountVC.swift */,
				CEEF261621F53AD600DA0E5A /* AvatarPickerVC.swift */,
			);
			path = Controller;
			sourceTree = "<group>";
		};
		CE50E01421EEFD56005D785E /* View */ = {
			isa = PBXGroup;
			children = (
				CE50E01A21EF03E4005D785E /* GradientView.swift */,
				CEEF261221F3C73700DA0E5A /* RoundedButton.swift */,
				CEEF261821F53D5900DA0E5A /* AvatarCell.swift */,
			);
			path = View;
			sourceTree = "<group>";
		};
		CE50E01521EEFD5C005D785E /* Model */ = {
			isa = PBXGroup;
			children = (
			);
			path = Model;
			sourceTree = "<group>";
		};
		CE50E01C21EF1694005D785E /* Utilities */ = {
			isa = PBXGroup;
			children = (
				CE50E01D21EF16AD005D785E /* Constants.swift */,
			);
			path = Utilities;
			sourceTree = "<group>";
		};
		CEA14A1821EEEF0800FE6A24 = {
			isa = PBXGroup;
			children = (
				CEA14A2321EEEF0800FE6A24 /* smack-it */,
				CEA14A2221EEEF0800FE6A24 /* Products */,
				1D191CC65AFEEFE949265F6C /* Pods */,
				C521316CE34B3FBF95E7C042 /* Frameworks */,
			);
			sourceTree = "<group>";
		};
		CEA14A2221EEEF0800FE6A24 /* Products */ = {
			isa = PBXGroup;
			children = (
				CEA14A2121EEEF0800FE6A24 /* smack-it.app */,
			);
			name = Products;
			sourceTree = "<group>";
		};
		CEA14A2321EEEF0800FE6A24 /* smack-it */ = {
			isa = PBXGroup;
			children = (
				CE170C6221F10846004463F4 /* Services */,
				CE50E01C21EF1694005D785E /* Utilities */,
				CE50E01521EEFD5C005D785E /* Model */,
				CE50E01421EEFD56005D785E /* View */,
				CE50E01321EEFD4E005D785E /* Controller */,
				CE50E00E21EEFA4F005D785E /* Supporting Files */,
				CEA14A2421EEEF0800FE6A24 /* AppDelegate.swift */,
				CEA14A2821EEEF0800FE6A24 /* Main.storyboard */,
				CEA14A2B21EEEF0800FE6A24 /* Assets.xcassets */,
				CEA14A2D21EEEF0800FE6A24 /* LaunchScreen.storyboard */,
				CEA14A3021EEEF0800FE6A24 /* Info.plist */,
			);
			path = "smack-it";
			sourceTree = "<group>";
		};
/* End PBXGroup section */

/* Begin PBXNativeTarget section */
		CEA14A2021EEEF0800FE6A24 /* smack-it */ = {
			isa = PBXNativeTarget;
			buildConfigurationList = CEA14A3321EEEF0800FE6A24 /* Build configuration list for PBXNativeTarget "smack-it" */;
			buildPhases = (
				D7412DFD6BC0198E4F557882 /* [CP] Check Pods Manifest.lock */,
				CEA14A1D21EEEF0800FE6A24 /* Sources */,
				CEA14A1E21EEEF0800FE6A24 /* Frameworks */,
				CEA14A1F21EEEF0800FE6A24 /* Resources */,
				66467F031236E4BB0FCA1F97 /* [CP] Embed Pods Frameworks */,
			);
			buildRules = (
			);
			dependencies = (
			);
			name = "smack-it";
			productName = "smack-it";
			productReference = CEA14A2121EEEF0800FE6A24 /* smack-it.app */;
			productType = "com.apple.product-type.application";
		};
/* End PBXNativeTarget section */

/* Begin PBXProject section */
		CEA14A1921EEEF0800FE6A24 /* Project object */ = {
			isa = PBXProject;
			attributes = {
				LastSwiftUpdateCheck = 1010;
				LastUpgradeCheck = 1010;
				ORGANIZATIONNAME = "Krishna Torrence";
				TargetAttributes = {
					CEA14A2021EEEF0800FE6A24 = {
						CreatedOnToolsVersion = 10.1;
						LastSwiftMigration = 1010;
					};
				};
			};
			buildConfigurationList = CEA14A1C21EEEF0800FE6A24 /* Build configuration list for PBXProject "smack-it" */;
			compatibilityVersion = "Xcode 9.3";
			developmentRegion = en;
			hasScannedForEncodings = 0;
			knownRegions = (
				en,
				Base,
			);
			mainGroup = CEA14A1821EEEF0800FE6A24;
			productRefGroup = CEA14A2221EEEF0800FE6A24 /* Products */;
			projectDirPath = "";
			projectRoot = "";
			targets = (
				CEA14A2021EEEF0800FE6A24 /* smack-it */,
			);
		};
/* End PBXProject section */

/* Begin PBXResourcesBuildPhase section */
		CEA14A1F21EEEF0800FE6A24 /* Resources */ = {
			isa = PBXResourcesBuildPhase;
			buildActionMask = 2147483647;
			files = (
				CEA14A2F21EEEF0800FE6A24 /* LaunchScreen.storyboard in Resources */,
				CEA14A2C21EEEF0800FE6A24 /* Assets.xcassets in Resources */,
				CEA14A2A21EEEF0800FE6A24 /* Main.storyboard in Resources */,
			);
			runOnlyForDeploymentPostprocessing = 0;
		};
/* End PBXResourcesBuildPhase section */

/* Begin PBXShellScriptBuildPhase section */
		66467F031236E4BB0FCA1F97 /* [CP] Embed Pods Frameworks */ = {
			isa = PBXShellScriptBuildPhase;
			buildActionMask = 2147483647;
			files = (
			);
			inputPaths = (
				"${SRCROOT}/Pods/Target Support Files/Pods-smack-it/Pods-smack-it-frameworks.sh",
				"${BUILT_PRODUCTS_DIR}/Alamofire/Alamofire.framework",
				"${BUILT_PRODUCTS_DIR}/Socket.IO-Client-Swift/SocketIO.framework",
				"${BUILT_PRODUCTS_DIR}/Starscream/Starscream.framework",
				"${BUILT_PRODUCTS_DIR}/SwiftyJSON/SwiftyJSON.framework",
			);
			name = "[CP] Embed Pods Frameworks";
			outputPaths = (
				"${TARGET_BUILD_DIR}/${FRAMEWORKS_FOLDER_PATH}/Alamofire.framework",
				"${TARGET_BUILD_DIR}/${FRAMEWORKS_FOLDER_PATH}/SocketIO.framework",
				"${TARGET_BUILD_DIR}/${FRAMEWORKS_FOLDER_PATH}/Starscream.framework",
				"${TARGET_BUILD_DIR}/${FRAMEWORKS_FOLDER_PATH}/SwiftyJSON.framework",
			);
			runOnlyForDeploymentPostprocessing = 0;
			shellPath = /bin/sh;
			shellScript = "\"${SRCROOT}/Pods/Target Support Files/Pods-smack-it/Pods-smack-it-frameworks.sh\"\n";
			showEnvVarsInLog = 0;
		};
		D7412DFD6BC0198E4F557882 /* [CP] Check Pods Manifest.lock */ = {
			isa = PBXShellScriptBuildPhase;
			buildActionMask = 2147483647;
			files = (
			);
			inputPaths = (
				"${PODS_PODFILE_DIR_PATH}/Podfile.lock",
				"${PODS_ROOT}/Manifest.lock",
			);
			name = "[CP] Check Pods Manifest.lock";
			outputPaths = (
				"$(DERIVED_FILE_DIR)/Pods-smack-it-checkManifestLockResult.txt",
			);
			runOnlyForDeploymentPostprocessing = 0;
			shellPath = /bin/sh;
			shellScript = "diff \"${PODS_PODFILE_DIR_PATH}/Podfile.lock\" \"${PODS_ROOT}/Manifest.lock\" > /dev/null\nif [ $? != 0 ] ; then\n    # print error to STDERR\n    echo \"error: The sandbox is not in sync with the Podfile.lock. Run 'pod install' or update your CocoaPods installation.\" >&2\n    exit 1\nfi\n# This output is used by Xcode 'outputs' to avoid re-running this script phase.\necho \"SUCCESS\" > \"${SCRIPT_OUTPUT_FILE_0}\"\n";
			showEnvVarsInLog = 0;
		};
/* End PBXShellScriptBuildPhase section */

/* Begin PBXSourcesBuildPhase section */
		CEA14A1D21EEEF0800FE6A24 /* Sources */ = {
			isa = PBXSourcesBuildPhase;
			buildActionMask = 2147483647;
			files = (
				CE50E01921EEFD9E005D785E /* ChannelVC.swift in Sources */,
				CEEF261721F53AD600DA0E5A /* AvatarPickerVC.swift in Sources */,
				CEEF261321F3C73700DA0E5A /* RoundedButton.swift in Sources */,
				CE50E01721EEFD87005D785E /* ChatVC.swift in Sources */,
				CEEF261521F3D90700DA0E5A /* UserDataService.swift in Sources */,
				CE50E02221EF2532005D785E /* CreateAccountVC.swift in Sources */,
				CE50E02021EF1D5D005D785E /* LoginVC.swift in Sources */,
				CE50E01B21EF03E4005D785E /* GradientView.swift in Sources */,
				CEA14A2521EEEF0800FE6A24 /* AppDelegate.swift in Sources */,
				CEEF261921F53D5900DA0E5A /* AvatarCell.swift in Sources */,
				CE50E01221EEFA7B005D785E /* SWRevealViewController.m in Sources */,
				CE170C6421F10857004463F4 /* AuthService.swift in Sources */,
				CE50E01E21EF16AD005D785E /* Constants.swift in Sources */,
			);
			runOnlyForDeploymentPostprocessing = 0;
		};
/* End PBXSourcesBuildPhase section */

/* Begin PBXVariantGroup section */
		CEA14A2821EEEF0800FE6A24 /* Main.storyboard */ = {
			isa = PBXVariantGroup;
			children = (
				CEA14A2921EEEF0800FE6A24 /* Base */,
			);
			name = Main.storyboard;
			sourceTree = "<group>";
		};
		CEA14A2D21EEEF0800FE6A24 /* LaunchScreen.storyboard */ = {
			isa = PBXVariantGroup;
			children = (
				CEA14A2E21EEEF0800FE6A24 /* Base */,
			);
			name = LaunchScreen.storyboard;
			sourceTree = "<group>";
		};
/* End PBXVariantGroup section */

/* Begin XCBuildConfiguration section */
		CEA14A3121EEEF0800FE6A24 /* Debug */ = {
			isa = XCBuildConfiguration;
			buildSettings = {
				ALWAYS_SEARCH_USER_PATHS = NO;
				CLANG_ANALYZER_NONNULL = YES;
				CLANG_ANALYZER_NUMBER_OBJECT_CONVERSION = YES_AGGRESSIVE;
				CLANG_CXX_LANGUAGE_STANDARD = "gnu++14";
				CLANG_CXX_LIBRARY = "libc++";
				CLANG_ENABLE_MODULES = YES;
				CLANG_ENABLE_OBJC_ARC = YES;
				CLANG_ENABLE_OBJC_WEAK = YES;
				CLANG_WARN_BLOCK_CAPTURE_AUTORELEASING = YES;
				CLANG_WARN_BOOL_CONVERSION = YES;
				CLANG_WARN_COMMA = YES;
				CLANG_WARN_CONSTANT_CONVERSION = YES;
				CLANG_WARN_DEPRECATED_OBJC_IMPLEMENTATIONS = YES;
				CLANG_WARN_DIRECT_OBJC_ISA_USAGE = YES_ERROR;
				CLANG_WARN_DOCUMENTATION_COMMENTS = YES;
				CLANG_WARN_EMPTY_BODY = YES;
				CLANG_WARN_ENUM_CONVERSION = YES;
				CLANG_WARN_INFINITE_RECURSION = YES;
				CLANG_WARN_INT_CONVERSION = YES;
				CLANG_WARN_NON_LITERAL_NULL_CONVERSION = YES;
				CLANG_WARN_OBJC_IMPLICIT_RETAIN_SELF = YES;
				CLANG_WARN_OBJC_LITERAL_CONVERSION = YES;
				CLANG_WARN_OBJC_ROOT_CLASS = YES_ERROR;
				CLANG_WARN_RANGE_LOOP_ANALYSIS = YES;
				CLANG_WARN_STRICT_PROTOTYPES = YES;
				CLANG_WARN_SUSPICIOUS_MOVE = YES;
				CLANG_WARN_UNGUARDED_AVAILABILITY = YES_AGGRESSIVE;
				CLANG_WARN_UNREACHABLE_CODE = YES;
				CLANG_WARN__DUPLICATE_METHOD_MATCH = YES;
				CODE_SIGN_IDENTITY = "iPhone Developer";
				COPY_PHASE_STRIP = NO;
				DEBUG_INFORMATION_FORMAT = dwarf;
				ENABLE_STRICT_OBJC_MSGSEND = YES;
				ENABLE_TESTABILITY = YES;
				GCC_C_LANGUAGE_STANDARD = gnu11;
				GCC_DYNAMIC_NO_PIC = NO;
				GCC_NO_COMMON_BLOCKS = YES;
				GCC_OPTIMIZATION_LEVEL = 0;
				GCC_PREPROCESSOR_DEFINITIONS = (
					"DEBUG=1",
					"$(inherited)",
				);
				GCC_WARN_64_TO_32_BIT_CONVERSION = YES;
				GCC_WARN_ABOUT_RETURN_TYPE = YES_ERROR;
				GCC_WARN_UNDECLARED_SELECTOR = YES;
				GCC_WARN_UNINITIALIZED_AUTOS = YES_AGGRESSIVE;
				GCC_WARN_UNUSED_FUNCTION = YES;
				GCC_WARN_UNUSED_VARIABLE = YES;
				IPHONEOS_DEPLOYMENT_TARGET = 12.1;
				MTL_ENABLE_DEBUG_INFO = INCLUDE_SOURCE;
				MTL_FAST_MATH = YES;
				ONLY_ACTIVE_ARCH = YES;
				SDKROOT = iphoneos;
				SWIFT_ACTIVE_COMPILATION_CONDITIONS = DEBUG;
				SWIFT_OPTIMIZATION_LEVEL = "-Onone";
			};
			name = Debug;
		};
		CEA14A3221EEEF0800FE6A24 /* Release */ = {
			isa = XCBuildConfiguration;
			buildSettings = {
				ALWAYS_SEARCH_USER_PATHS = NO;
				CLANG_ANALYZER_NONNULL = YES;
				CLANG_ANALYZER_NUMBER_OBJECT_CONVERSION = YES_AGGRESSIVE;
				CLANG_CXX_LANGUAGE_STANDARD = "gnu++14";
				CLANG_CXX_LIBRARY = "libc++";
				CLANG_ENABLE_MODULES = YES;
				CLANG_ENABLE_OBJC_ARC = YES;
				CLANG_ENABLE_OBJC_WEAK = YES;
				CLANG_WARN_BLOCK_CAPTURE_AUTORELEASING = YES;
				CLANG_WARN_BOOL_CONVERSION = YES;
				CLANG_WARN_COMMA = YES;
				CLANG_WARN_CONSTANT_CONVERSION = YES;
				CLANG_WARN_DEPRECATED_OBJC_IMPLEMENTATIONS = YES;
				CLANG_WARN_DIRECT_OBJC_ISA_USAGE = YES_ERROR;
				CLANG_WARN_DOCUMENTATION_COMMENTS = YES;
				CLANG_WARN_EMPTY_BODY = YES;
				CLANG_WARN_ENUM_CONVERSION = YES;
				CLANG_WARN_INFINITE_RECURSION = YES;
				CLANG_WARN_INT_CONVERSION = YES;
				CLANG_WARN_NON_LITERAL_NULL_CONVERSION = YES;
				CLANG_WARN_OBJC_IMPLICIT_RETAIN_SELF = YES;
				CLANG_WARN_OBJC_LITERAL_CONVERSION = YES;
				CLANG_WARN_OBJC_ROOT_CLASS = YES_ERROR;
				CLANG_WARN_RANGE_LOOP_ANALYSIS = YES;
				CLANG_WARN_STRICT_PROTOTYPES = YES;
				CLANG_WARN_SUSPICIOUS_MOVE = YES;
				CLANG_WARN_UNGUARDED_AVAILABILITY = YES_AGGRESSIVE;
				CLANG_WARN_UNREACHABLE_CODE = YES;
				CLANG_WARN__DUPLICATE_METHOD_MATCH = YES;
				CODE_SIGN_IDENTITY = "iPhone Developer";
				COPY_PHASE_STRIP = NO;
				DEBUG_INFORMATION_FORMAT = "dwarf-with-dsym";
				ENABLE_NS_ASSERTIONS = NO;
				ENABLE_STRICT_OBJC_MSGSEND = YES;
				GCC_C_LANGUAGE_STANDARD = gnu11;
				GCC_NO_COMMON_BLOCKS = YES;
				GCC_WARN_64_TO_32_BIT_CONVERSION = YES;
				GCC_WARN_ABOUT_RETURN_TYPE = YES_ERROR;
				GCC_WARN_UNDECLARED_SELECTOR = YES;
				GCC_WARN_UNINITIALIZED_AUTOS = YES_AGGRESSIVE;
				GCC_WARN_UNUSED_FUNCTION = YES;
				GCC_WARN_UNUSED_VARIABLE = YES;
				IPHONEOS_DEPLOYMENT_TARGET = 12.1;
				MTL_ENABLE_DEBUG_INFO = NO;
				MTL_FAST_MATH = YES;
				SDKROOT = iphoneos;
				SWIFT_COMPILATION_MODE = wholemodule;
				SWIFT_OPTIMIZATION_LEVEL = "-O";
				VALIDATE_PRODUCT = YES;
			};
			name = Release;
		};
		CEA14A3421EEEF0800FE6A24 /* Debug */ = {
			isa = XCBuildConfiguration;
			baseConfigurationReference = 4FF1390194ED605AAA7DDC83 /* Pods-smack-it.debug.xcconfig */;
			buildSettings = {
				ASSETCATALOG_COMPILER_APPICON_NAME = AppIcon;
				CLANG_ENABLE_MODULES = YES;
				CODE_SIGN_STYLE = Automatic;
				DEVELOPMENT_TEAM = BZGPFH96K2;
				INFOPLIST_FILE = "smack-it/Info.plist";
				LD_RUNPATH_SEARCH_PATHS = (
					"$(inherited)",
					"@executable_path/Frameworks",
				);
				PRODUCT_BUNDLE_IDENTIFIER = "KrishnaTorrence.smack-it";
				PRODUCT_NAME = "$(TARGET_NAME)";
				SWIFT_OBJC_BRIDGING_HEADER = "smack-it/Supporting Files/smack-it-Bridging-Header.h";
				SWIFT_OPTIMIZATION_LEVEL = "-Onone";
				SWIFT_VERSION = 4.2;
				TARGETED_DEVICE_FAMILY = "1,2";
			};
			name = Debug;
		};
		CEA14A3521EEEF0800FE6A24 /* Release */ = {
			isa = XCBuildConfiguration;
			baseConfigurationReference = FC7D4E28FFC715D7FFCCA011 /* Pods-smack-it.release.xcconfig */;
			buildSettings = {
				ASSETCATALOG_COMPILER_APPICON_NAME = AppIcon;
				CLANG_ENABLE_MODULES = YES;
				CODE_SIGN_STYLE = Automatic;
				DEVELOPMENT_TEAM = BZGPFH96K2;
				INFOPLIST_FILE = "smack-it/Info.plist";
				LD_RUNPATH_SEARCH_PATHS = (
					"$(inherited)",
					"@executable_path/Frameworks",
				);
				PRODUCT_BUNDLE_IDENTIFIER = "KrishnaTorrence.smack-it";
				PRODUCT_NAME = "$(TARGET_NAME)";
				SWIFT_OBJC_BRIDGING_HEADER = "smack-it/Supporting Files/smack-it-Bridging-Header.h";
				SWIFT_VERSION = 4.2;
				TARGETED_DEVICE_FAMILY = "1,2";
			};
			name = Release;
		};
/* End XCBuildConfiguration section */

/* Begin XCConfigurationList section */
		CEA14A1C21EEEF0800FE6A24 /* Build configuration list for PBXProject "smack-it" */ = {
			isa = XCConfigurationList;
			buildConfigurations = (
				CEA14A3121EEEF0800FE6A24 /* Debug */,
				CEA14A3221EEEF0800FE6A24 /* Release */,
			);
			defaultConfigurationIsVisible = 0;
			defaultConfigurationName = Release;
		};
		CEA14A3321EEEF0800FE6A24 /* Build configuration list for PBXNativeTarget "smack-it" */ = {
			isa = XCConfigurationList;
			buildConfigurations = (
				CEA14A3421EEEF0800FE6A24 /* Debug */,
				CEA14A3521EEEF0800FE6A24 /* Release */,
			);
			defaultConfigurationIsVisible = 0;
			defaultConfigurationName = Release;
		};
/* End XCConfigurationList section */
	};
	rootObject = CEA14A1921EEEF0800FE6A24 /* Project object */;
}
